
Microsoft Visual Studio Solution File, Format Version 12.00
# Visual Studio Version 16
VisualStudioVersion = 16.0.29306.81
MinimumVisualStudioVersion = 10.0.40219.1
Project("{FAE04EC0-301F-11D3-BF4B-00C04F79EFBC}") = "TaskType1", "TaskType1\TaskType1.csproj", "{A7BBA89C-2519-420A-A442-33F07EB87675}"
EndProject
Global
	GlobalSection(SolutionConfigurationPlatforms) = preSolution
		Debug|Any CPU = Debug|Any CPU
		Release|Any CPU = Release|Any CPU
	EndGlobalSection
	GlobalSection(ProjectConfigurationPlatforms) = postSolution
		{A7BBA89C-2519-420A-A442-33F07EB87675}.Debug|Any CPU.ActiveCfg = Debug|Any CPU
		{A7BBA89C-2519-420A-A442-33F07EB87675}.Debug|Any CPU.Build.0 = Debug|Any CPU
		{A7BBA89C-2519-420A-A442-33F07EB87675}.Release|Any CPU.ActiveCfg = Release|Any CPU
		{A7BBA89C-2519-420A-A442-33F07EB87675}.Release|Any CPU.Build.0 = Release|Any CPU
	EndGlobalSection
	GlobalSection(SolutionProperties) = preSolution
		HideSolutionNode = FALSE
	EndGlobalSection
	GlobalSection(ExtensibilityGlobals) = postSolution
		SolutionGuid = {0EFD3C04-ACB3-49CF-808A-91FF4058050E}
	EndGlobalSection
EndGlobal
