
Microsoft Visual Studio Solution File, Format Version 12.00
# Visual Studio Version 16
VisualStudioVersion = 16.0.29613.14
MinimumVisualStudioVersion = 10.0.40219.1
Project("{FAE04EC0-301F-11D3-BF4B-00C04F79EFBC}") = "Test", "Test\Test.csproj", "{1A73FB08-FFFB-4A49-952C-C5A3F64DFC70}"
EndProject
Global
	GlobalSection(SolutionConfigurationPlatforms) = preSolution
		Debug|Any CPU = Debug|Any CPU
		Release|Any CPU = Release|Any CPU
	EndGlobalSection
	GlobalSection(ProjectConfigurationPlatforms) = postSolution
		{1A73FB08-FFFB-4A49-952C-C5A3F64DFC70}.Debug|Any CPU.ActiveCfg = Debug|Any CPU
		{1A73FB08-FFFB-4A49-952C-C5A3F64DFC70}.Debug|Any CPU.Build.0 = Debug|Any CPU
		{1A73FB08-FFFB-4A49-952C-C5A3F64DFC70}.Release|Any CPU.ActiveCfg = Release|Any CPU
		{1A73FB08-FFFB-4A49-952C-C5A3F64DFC70}.Release|Any CPU.Build.0 = Release|Any CPU
	EndGlobalSection
	GlobalSection(SolutionProperties) = preSolution
		HideSolutionNode = FALSE
	EndGlobalSection
	GlobalSection(ExtensibilityGlobals) = postSolution
		SolutionGuid = {421AE9BA-4D6D-4C85-90E7-54415CCB1826}
	EndGlobalSection
EndGlobal
