
Microsoft Visual Studio Solution File, Format Version 12.00
# Visual Studio Version 16
VisualStudioVersion = 16.0.29230.47
MinimumVisualStudioVersion = 10.0.40219.1
Project("{FAE04EC0-301F-11D3-BF4B-00C04F79EFBC}") = "Lab1", "Lab1\Lab1.csproj", "{B4CAEFEB-6346-41B6-97B9-65C49299CB6A}"
EndProject
Global
	GlobalSection(SolutionConfigurationPlatforms) = preSolution
		Debug|Any CPU = Debug|Any CPU
		Release|Any CPU = Release|Any CPU
	EndGlobalSection
	GlobalSection(ProjectConfigurationPlatforms) = postSolution
		{B4CAEFEB-6346-41B6-97B9-65C49299CB6A}.Debug|Any CPU.ActiveCfg = Debug|Any CPU
		{B4CAEFEB-6346-41B6-97B9-65C49299CB6A}.Debug|Any CPU.Build.0 = Debug|Any CPU
		{B4CAEFEB-6346-41B6-97B9-65C49299CB6A}.Release|Any CPU.ActiveCfg = Release|Any CPU
		{B4CAEFEB-6346-41B6-97B9-65C49299CB6A}.Release|Any CPU.Build.0 = Release|Any CPU
	EndGlobalSection
	GlobalSection(SolutionProperties) = preSolution
		HideSolutionNode = FALSE
	EndGlobalSection
	GlobalSection(ExtensibilityGlobals) = postSolution
		SolutionGuid = {FE747863-27CB-4B1F-85CB-1DAAA94BDDF4}
	EndGlobalSection
EndGlobal
