
Microsoft Visual Studio Solution File, Format Version 12.00
# Visual Studio Version 16
VisualStudioVersion = 16.0.29230.47
MinimumVisualStudioVersion = 10.0.40219.1
Project("{FAE04EC0-301F-11D3-BF4B-00C04F79EFBC}") = "InsertionSort", "InsertionSort\InsertionSort.csproj", "{72F4605A-BFCC-4B87-A9EB-4864F279DA84}"
EndProject
Global
	GlobalSection(SolutionConfigurationPlatforms) = preSolution
		Debug|Any CPU = Debug|Any CPU
		Release|Any CPU = Release|Any CPU
	EndGlobalSection
	GlobalSection(ProjectConfigurationPlatforms) = postSolution
		{72F4605A-BFCC-4B87-A9EB-4864F279DA84}.Debug|Any CPU.ActiveCfg = Debug|Any CPU
		{72F4605A-BFCC-4B87-A9EB-4864F279DA84}.Debug|Any CPU.Build.0 = Debug|Any CPU
		{72F4605A-BFCC-4B87-A9EB-4864F279DA84}.Release|Any CPU.ActiveCfg = Release|Any CPU
		{72F4605A-BFCC-4B87-A9EB-4864F279DA84}.Release|Any CPU.Build.0 = Release|Any CPU
	EndGlobalSection
	GlobalSection(SolutionProperties) = preSolution
		HideSolutionNode = FALSE
	EndGlobalSection
	GlobalSection(ExtensibilityGlobals) = postSolution
		SolutionGuid = {195CDD03-8B62-4677-B996-624C7C4637DB}
	EndGlobalSection
EndGlobal
