
Microsoft Visual Studio Solution File, Format Version 12.00
# Visual Studio Version 16
VisualStudioVersion = 16.0.29613.14
MinimumVisualStudioVersion = 10.0.40219.1
Project("{FAE04EC0-301F-11D3-BF4B-00C04F79EFBC}") = "Task26_View", "Task26\Task26_View.csproj", "{D9B330B4-88B5-46A1-93BE-9D3378064759}"
EndProject
Project("{FAE04EC0-301F-11D3-BF4B-00C04F79EFBC}") = "Task26_Model", "Task26_Model\Task26_Model.csproj", "{E32E6BC0-41FB-4A03-BB38-222B003A85BB}"
EndProject
Global
	GlobalSection(SolutionConfigurationPlatforms) = preSolution
		Debug|Any CPU = Debug|Any CPU
		Release|Any CPU = Release|Any CPU
	EndGlobalSection
	GlobalSection(ProjectConfigurationPlatforms) = postSolution
		{D9B330B4-88B5-46A1-93BE-9D3378064759}.Debug|Any CPU.ActiveCfg = Debug|Any CPU
		{D9B330B4-88B5-46A1-93BE-9D3378064759}.Debug|Any CPU.Build.0 = Debug|Any CPU
		{D9B330B4-88B5-46A1-93BE-9D3378064759}.Release|Any CPU.ActiveCfg = Release|Any CPU
		{D9B330B4-88B5-46A1-93BE-9D3378064759}.Release|Any CPU.Build.0 = Release|Any CPU
		{E32E6BC0-41FB-4A03-BB38-222B003A85BB}.Debug|Any CPU.ActiveCfg = Debug|Any CPU
		{E32E6BC0-41FB-4A03-BB38-222B003A85BB}.Debug|Any CPU.Build.0 = Debug|Any CPU
		{E32E6BC0-41FB-4A03-BB38-222B003A85BB}.Release|Any CPU.ActiveCfg = Release|Any CPU
		{E32E6BC0-41FB-4A03-BB38-222B003A85BB}.Release|Any CPU.Build.0 = Release|Any CPU
	EndGlobalSection
	GlobalSection(SolutionProperties) = preSolution
		HideSolutionNode = FALSE
	EndGlobalSection
	GlobalSection(ExtensibilityGlobals) = postSolution
		SolutionGuid = {3FCE3835-F909-49A8-8B94-2028E3C6EBE9}
	EndGlobalSection
EndGlobal
