
Microsoft Visual Studio Solution File, Format Version 12.00
# Visual Studio Version 16
VisualStudioVersion = 16.0.29613.14
MinimumVisualStudioVersion = 10.0.40219.1
Project("{FAE04EC0-301F-11D3-BF4B-00C04F79EFBC}") = "ColorApp", "ColorApp\ColorApp.csproj", "{CCAC6A15-040D-4357-8608-EC2FAB319AAA}"
EndProject
Project("{FAE04EC0-301F-11D3-BF4B-00C04F79EFBC}") = "WinControllers", "..\WinFormControlLib\WinFormControlLab\WinControllers.csproj", "{38DB5401-A9F1-4D3D-8870-413CBF2460F4}"
EndProject
Global
	GlobalSection(SolutionConfigurationPlatforms) = preSolution
		Debug|Any CPU = Debug|Any CPU
		Release|Any CPU = Release|Any CPU
	EndGlobalSection
	GlobalSection(ProjectConfigurationPlatforms) = postSolution
		{CCAC6A15-040D-4357-8608-EC2FAB319AAA}.Debug|Any CPU.ActiveCfg = Debug|Any CPU
		{CCAC6A15-040D-4357-8608-EC2FAB319AAA}.Debug|Any CPU.Build.0 = Debug|Any CPU
		{CCAC6A15-040D-4357-8608-EC2FAB319AAA}.Release|Any CPU.ActiveCfg = Release|Any CPU
		{CCAC6A15-040D-4357-8608-EC2FAB319AAA}.Release|Any CPU.Build.0 = Release|Any CPU
		{38DB5401-A9F1-4D3D-8870-413CBF2460F4}.Debug|Any CPU.ActiveCfg = Debug|Any CPU
		{38DB5401-A9F1-4D3D-8870-413CBF2460F4}.Debug|Any CPU.Build.0 = Debug|Any CPU
		{38DB5401-A9F1-4D3D-8870-413CBF2460F4}.Release|Any CPU.ActiveCfg = Release|Any CPU
		{38DB5401-A9F1-4D3D-8870-413CBF2460F4}.Release|Any CPU.Build.0 = Release|Any CPU
	EndGlobalSection
	GlobalSection(SolutionProperties) = preSolution
		HideSolutionNode = FALSE
	EndGlobalSection
	GlobalSection(ExtensibilityGlobals) = postSolution
		SolutionGuid = {760D42DF-B4EF-402F-B71A-A501457375B0}
	EndGlobalSection
EndGlobal
