
Microsoft Visual Studio Solution File, Format Version 12.00
# Visual Studio Version 16
VisualStudioVersion = 16.0.29306.81
MinimumVisualStudioVersion = 10.0.40219.1
Project("{FAE04EC0-301F-11D3-BF4B-00C04F79EFBC}") = "TreeGenerator", "TreeGenerator\TreeGenerator.csproj", "{5C703598-BDDB-4E53-B017-A1153805C957}"
EndProject
Global
	GlobalSection(SolutionConfigurationPlatforms) = preSolution
		Debug|Any CPU = Debug|Any CPU
		Release|Any CPU = Release|Any CPU
	EndGlobalSection
	GlobalSection(ProjectConfigurationPlatforms) = postSolution
		{5C703598-BDDB-4E53-B017-A1153805C957}.Debug|Any CPU.ActiveCfg = Debug|Any CPU
		{5C703598-BDDB-4E53-B017-A1153805C957}.Debug|Any CPU.Build.0 = Debug|Any CPU
		{5C703598-BDDB-4E53-B017-A1153805C957}.Release|Any CPU.ActiveCfg = Release|Any CPU
		{5C703598-BDDB-4E53-B017-A1153805C957}.Release|Any CPU.Build.0 = Release|Any CPU
	EndGlobalSection
	GlobalSection(SolutionProperties) = preSolution
		HideSolutionNode = FALSE
	EndGlobalSection
	GlobalSection(ExtensibilityGlobals) = postSolution
		SolutionGuid = {3B41FA66-F2B6-4B51-9939-E9193BA294D7}
	EndGlobalSection
EndGlobal
