
Microsoft Visual Studio Solution File, Format Version 12.00
# Visual Studio Version 16
VisualStudioVersion = 16.0.29306.81
MinimumVisualStudioVersion = 10.0.40219.1
Project("{FAE04EC0-301F-11D3-BF4B-00C04F79EFBC}") = "Task1_1_Stack", "Task1_1_Stack\Task1_1_Stack.csproj", "{44E82071-3BCD-43AB-9C7A-000327874E0A}"
EndProject
Global
	GlobalSection(SolutionConfigurationPlatforms) = preSolution
		Debug|Any CPU = Debug|Any CPU
		Release|Any CPU = Release|Any CPU
	EndGlobalSection
	GlobalSection(ProjectConfigurationPlatforms) = postSolution
		{44E82071-3BCD-43AB-9C7A-000327874E0A}.Debug|Any CPU.ActiveCfg = Debug|Any CPU
		{44E82071-3BCD-43AB-9C7A-000327874E0A}.Debug|Any CPU.Build.0 = Debug|Any CPU
		{44E82071-3BCD-43AB-9C7A-000327874E0A}.Release|Any CPU.ActiveCfg = Release|Any CPU
		{44E82071-3BCD-43AB-9C7A-000327874E0A}.Release|Any CPU.Build.0 = Release|Any CPU
	EndGlobalSection
	GlobalSection(SolutionProperties) = preSolution
		HideSolutionNode = FALSE
	EndGlobalSection
	GlobalSection(ExtensibilityGlobals) = postSolution
		SolutionGuid = {953B064D-DCD4-42B3-851A-5607938153D4}
	EndGlobalSection
EndGlobal
