
Microsoft Visual Studio Solution File, Format Version 12.00
# Visual Studio Version 16
VisualStudioVersion = 16.0.29306.81
MinimumVisualStudioVersion = 10.0.40219.1
Project("{FAE04EC0-301F-11D3-BF4B-00C04F79EFBC}") = "MutualRecursion", "MutualRecursion\MutualRecursion.csproj", "{5F8A29AD-8DDB-4570-854E-6FA2B06FC09F}"
EndProject
Global
	GlobalSection(SolutionConfigurationPlatforms) = preSolution
		Debug|Any CPU = Debug|Any CPU
		Release|Any CPU = Release|Any CPU
	EndGlobalSection
	GlobalSection(ProjectConfigurationPlatforms) = postSolution
		{5F8A29AD-8DDB-4570-854E-6FA2B06FC09F}.Debug|Any CPU.ActiveCfg = Debug|Any CPU
		{5F8A29AD-8DDB-4570-854E-6FA2B06FC09F}.Debug|Any CPU.Build.0 = Debug|Any CPU
		{5F8A29AD-8DDB-4570-854E-6FA2B06FC09F}.Release|Any CPU.ActiveCfg = Release|Any CPU
		{5F8A29AD-8DDB-4570-854E-6FA2B06FC09F}.Release|Any CPU.Build.0 = Release|Any CPU
	EndGlobalSection
	GlobalSection(SolutionProperties) = preSolution
		HideSolutionNode = FALSE
	EndGlobalSection
	GlobalSection(ExtensibilityGlobals) = postSolution
		SolutionGuid = {BDA255A2-5131-4117-B11B-A8365C0F2833}
	EndGlobalSection
EndGlobal
